
Microsoft Visual Studio Solution File, Format Version 12.00
# Visual Studio Version 17
VisualStudioVersion = 17.0.31903.59
MinimumVisualStudioVersion = 10.0.40219.1
Project("{FAE04EC0-301F-11D3-BF4B-00C04F79EFBC}") = "plant-store-api", "plant-store-api\plant-store-api.csproj", "{33B2F78B-0E6D-48BB-B808-B84C50CE899C}"
EndProject
Project("{FAE04EC0-301F-11D3-BF4B-00C04F79EFBC}") = "plant-store.entities", "plant-store.entities\plant-store.entities.csproj", "{95D26E5D-41FC-4FB0-972F-367803DFF99B}"
EndProject
Global
	GlobalSection(SolutionConfigurationPlatforms) = preSolution
		Debug|Any CPU = Debug|Any CPU
		Release|Any CPU = Release|Any CPU
	EndGlobalSection
	GlobalSection(SolutionProperties) = preSolution
		HideSolutionNode = FALSE
	EndGlobalSection
	GlobalSection(ProjectConfigurationPlatforms) = postSolution
		{33B2F78B-0E6D-48BB-B808-B84C50CE899C}.Debug|Any CPU.ActiveCfg = Debug|Any CPU
		{33B2F78B-0E6D-48BB-B808-B84C50CE899C}.Debug|Any CPU.Build.0 = Debug|Any CPU
		{33B2F78B-0E6D-48BB-B808-B84C50CE899C}.Release|Any CPU.ActiveCfg = Release|Any CPU
		{33B2F78B-0E6D-48BB-B808-B84C50CE899C}.Release|Any CPU.Build.0 = Release|Any CPU
		{95D26E5D-41FC-4FB0-972F-367803DFF99B}.Debug|Any CPU.ActiveCfg = Debug|Any CPU
		{95D26E5D-41FC-4FB0-972F-367803DFF99B}.Debug|Any CPU.Build.0 = Debug|Any CPU
		{95D26E5D-41FC-4FB0-972F-367803DFF99B}.Release|Any CPU.ActiveCfg = Release|Any CPU
		{95D26E5D-41FC-4FB0-972F-367803DFF99B}.Release|Any CPU.Build.0 = Release|Any CPU
	EndGlobalSection
EndGlobal
